
Microsoft Visual Studio Solution File, Format Version 12.00
# Visual Studio Version 16
VisualStudioVersion = 16.0.32228.343
MinimumVisualStudioVersion = 10.0.40219.1
Project("{FAE04EC0-301F-11D3-BF4B-00C04F79EFBC}") = "frontend", "frontend\frontend.csproj", "{883CA2BE-91F2-4311-92F0-0999813BBF98}"
EndProject
Global
	GlobalSection(SolutionConfigurationPlatforms) = preSolution
		Debug|Any CPU = Debug|Any CPU
		Release|Any CPU = Release|Any CPU
	EndGlobalSection
	GlobalSection(ProjectConfigurationPlatforms) = postSolution
		{883CA2BE-91F2-4311-92F0-0999813BBF98}.Debug|Any CPU.ActiveCfg = Debug|Any CPU
		{883CA2BE-91F2-4311-92F0-0999813BBF98}.Debug|Any CPU.Build.0 = Debug|Any CPU
		{883CA2BE-91F2-4311-92F0-0999813BBF98}.Release|Any CPU.ActiveCfg = Release|Any CPU
		{883CA2BE-91F2-4311-92F0-0999813BBF98}.Release|Any CPU.Build.0 = Release|Any CPU
	EndGlobalSection
	GlobalSection(SolutionProperties) = preSolution
		HideSolutionNode = FALSE
	EndGlobalSection
	GlobalSection(ExtensibilityGlobals) = postSolution
		SolutionGuid = {7E1B5D0B-1710-489D-96EB-A87560D01D5C}
	EndGlobalSection
EndGlobal
